
Microsoft Visual Studio Solution File, Format Version 12.00
# Visual Studio Version 16
VisualStudioVersion = 16.0.29025.244
MinimumVisualStudioVersion = 10.0.40219.1
Project("{FAE04EC0-301F-11D3-BF4B-00C04F79EFBC}") = "CalculateLetterGrade", "CalculateLetterGrade\CalculateLetterGrade.csproj", "{474371B3-E1F6-49F9-8788-7FD8D1674441}"
EndProject
Global
	GlobalSection(SolutionConfigurationPlatforms) = preSolution
		Debug|Any CPU = Debug|Any CPU
		Release|Any CPU = Release|Any CPU
	EndGlobalSection
	GlobalSection(ProjectConfigurationPlatforms) = postSolution
		{474371B3-E1F6-49F9-8788-7FD8D1674441}.Debug|Any CPU.ActiveCfg = Debug|Any CPU
		{474371B3-E1F6-49F9-8788-7FD8D1674441}.Debug|Any CPU.Build.0 = Debug|Any CPU
		{474371B3-E1F6-49F9-8788-7FD8D1674441}.Release|Any CPU.ActiveCfg = Release|Any CPU
		{474371B3-E1F6-49F9-8788-7FD8D1674441}.Release|Any CPU.Build.0 = Release|Any CPU
	EndGlobalSection
	GlobalSection(SolutionProperties) = preSolution
		HideSolutionNode = FALSE
	EndGlobalSection
	GlobalSection(ExtensibilityGlobals) = postSolution
		SolutionGuid = {A0889757-589E-4C9C-A0D7-B5C02C67AADA}
	EndGlobalSection
EndGlobal
